
Microsoft Visual Studio Solution File, Format Version 12.00
# Visual Studio Version 17
VisualStudioVersion = 17.4.33205.214
MinimumVisualStudioVersion = 10.0.40219.1
Project("{FAE04EC0-301F-11D3-BF4B-00C04F79EFBC}") = "Capsule", "Capsule\Capsule.csproj", "{FC07101A-C8C4-43A2-B1EF-D20724A2A42B}"
EndProject
Global
	GlobalSection(SolutionConfigurationPlatforms) = preSolution
		Debug|Any CPU = Debug|Any CPU
		Release|Any CPU = Release|Any CPU
	EndGlobalSection
	GlobalSection(ProjectConfigurationPlatforms) = postSolution
		{FC07101A-C8C4-43A2-B1EF-D20724A2A42B}.Debug|Any CPU.ActiveCfg = Debug|Any CPU
		{FC07101A-C8C4-43A2-B1EF-D20724A2A42B}.Debug|Any CPU.Build.0 = Debug|Any CPU
		{FC07101A-C8C4-43A2-B1EF-D20724A2A42B}.Release|Any CPU.ActiveCfg = Release|Any CPU
		{FC07101A-C8C4-43A2-B1EF-D20724A2A42B}.Release|Any CPU.Build.0 = Release|Any CPU
	EndGlobalSection
	GlobalSection(SolutionProperties) = preSolution
		HideSolutionNode = FALSE
	EndGlobalSection
	GlobalSection(ExtensibilityGlobals) = postSolution
		SolutionGuid = {8534A8EB-3C20-45F8-B64B-25F9B71B8484}
	EndGlobalSection
EndGlobal
